// !$*UTF8*$!
{
	archiveVersion = 1;
	classes = {
	};
	objectVersion = 46;
	objects = {

/* Begin PBXBuildFile section */
		0EBF783E1DDCADC0006E434E /* Template.swift in Sources */ = {isa = PBXBuildFile; fileRef = 0EBF783D1DDCADC0006E434E /* Template.swift */; };
		4B20FEF61DDBD13300EAA73F /* Colony.swift in Sources */ = {isa = PBXBuildFile; fileRef = 4B20FEF51DDBD13300EAA73F /* Colony.swift */; };
		4B20FEF81DDBD16700EAA73F /* Cell.swift in Sources */ = {isa = PBXBuildFile; fileRef = 4B20FEF71DDBD16700EAA73F /* Cell.swift */; };
		4B20FEFA1DDBD19E00EAA73F /* Util.swift in Sources */ = {isa = PBXBuildFile; fileRef = 4B20FEF91DDBD19E00EAA73F /* Util.swift */; };
		4BA9AB361DD0E6C20053B432 /* AppDelegate.swift in Sources */ = {isa = PBXBuildFile; fileRef = 4BA9AB351DD0E6C20053B432 /* AppDelegate.swift */; };
		4BA9AB381DD0E6C20053B432 /* ViewController.swift in Sources */ = {isa = PBXBuildFile; fileRef = 4BA9AB371DD0E6C20053B432 /* ViewController.swift */; };
		4BA9AB3B1DD0E6C20053B432 /* Main.storyboard in Resources */ = {isa = PBXBuildFile; fileRef = 4BA9AB391DD0E6C20053B432 /* Main.storyboard */; };
		4BA9AB3D1DD0E6C20053B432 /* Assets.xcassets in Resources */ = {isa = PBXBuildFile; fileRef = 4BA9AB3C1DD0E6C20053B432 /* Assets.xcassets */; };
		4BA9AB401DD0E6C20053B432 /* LaunchScreen.storyboard in Resources */ = {isa = PBXBuildFile; fileRef = 4BA9AB3E1DD0E6C20053B432 /* LaunchScreen.storyboard */; };
/* End PBXBuildFile section */

/* Begin PBXFileReference section */
		0EBF783D1DDCADC0006E434E /* Template.swift */ = {isa = PBXFileReference; fileEncoding = 4; lastKnownFileType = sourcecode.swift; path = Template.swift; sourceTree = "<group>"; };
		4B20FEF51DDBD13300EAA73F /* Colony.swift */ = {isa = PBXFileReference; fileEncoding = 4; lastKnownFileType = sourcecode.swift; path = Colony.swift; sourceTree = "<group>"; };
		4B20FEF71DDBD16700EAA73F /* Cell.swift */ = {isa = PBXFileReference; fileEncoding = 4; lastKnownFileType = sourcecode.swift; path = Cell.swift; sourceTree = "<group>"; };
		4B20FEF91DDBD19E00EAA73F /* Util.swift */ = {isa = PBXFileReference; fileEncoding = 4; lastKnownFileType = sourcecode.swift; name = Util.swift; path = ../Util.swift; sourceTree = "<group>"; };
		4BA9AB321DD0E6C20053B432 /* Game Of Life Beta.app */ = {isa = PBXFileReference; explicitFileType = wrapper.application; includeInIndex = 0; path = "Game Of Life Beta.app"; sourceTree = BUILT_PRODUCTS_DIR; };
		4BA9AB351DD0E6C20053B432 /* AppDelegate.swift */ = {isa = PBXFileReference; lastKnownFileType = sourcecode.swift; path = AppDelegate.swift; sourceTree = "<group>"; };
		4BA9AB371DD0E6C20053B432 /* ViewController.swift */ = {isa = PBXFileReference; lastKnownFileType = sourcecode.swift; path = ViewController.swift; sourceTree = "<group>"; };
		4BA9AB3A1DD0E6C20053B432 /* Base */ = {isa = PBXFileReference; lastKnownFileType = file.storyboard; name = Base; path = Base.lproj/Main.storyboard; sourceTree = "<group>"; };
		4BA9AB3C1DD0E6C20053B432 /* Assets.xcassets */ = {isa = PBXFileReference; lastKnownFileType = folder.assetcatalog; path = Assets.xcassets; sourceTree = "<group>"; };
		4BA9AB3F1DD0E6C20053B432 /* Base */ = {isa = PBXFileReference; lastKnownFileType = file.storyboard; name = Base; path = Base.lproj/LaunchScreen.storyboard; sourceTree = "<group>"; };
		4BA9AB411DD0E6C20053B432 /* Info.plist */ = {isa = PBXFileReference; lastKnownFileType = text.plist.xml; path = Info.plist; sourceTree = "<group>"; };
/* End PBXFileReference section */

/* Begin PBXFrameworksBuildPhase section */
		4BA9AB2F1DD0E6C20053B432 /* Frameworks */ = {
			isa = PBXFrameworksBuildPhase;
			buildActionMask = 2147483647;
			files = (
			);
			runOnlyForDeploymentPostprocessing = 0;
		};
/* End PBXFrameworksBuildPhase section */

/* Begin PBXGroup section */
		4BA9AB291DD0E6C20053B432 = {
			isa = PBXGroup;
			children = (
				4BA9AB341DD0E6C20053B432 /* Game Of Life Beta */,
				4BA9AB331DD0E6C20053B432 /* Products */,
			);
			sourceTree = "<group>";
		};
		4BA9AB331DD0E6C20053B432 /* Products */ = {
			isa = PBXGroup;
			children = (
				4BA9AB321DD0E6C20053B432 /* Game Of Life Beta.app */,
			);
			name = Products;
			sourceTree = "<group>";
		};
		4BA9AB341DD0E6C20053B432 /* Game Of Life Beta */ = {
			isa = PBXGroup;
			children = (
				4B20FEF91DDBD19E00EAA73F /* Util.swift */,
				0EBF783D1DDCADC0006E434E /* Template.swift */,
				4BA9AB351DD0E6C20053B432 /* AppDelegate.swift */,
				4BA9AB371DD0E6C20053B432 /* ViewController.swift */,
				4B20FEF51DDBD13300EAA73F /* Colony.swift */,
				4B20FEF71DDBD16700EAA73F /* Cell.swift */,
				4BA9AB391DD0E6C20053B432 /* Main.storyboard */,
				4BA9AB3C1DD0E6C20053B432 /* Assets.xcassets */,
				4BA9AB3E1DD0E6C20053B432 /* LaunchScreen.storyboard */,
				4BA9AB411DD0E6C20053B432 /* Info.plist */,
			);
			path = "Game Of Life Beta";
			sourceTree = "<group>";
		};
/* End PBXGroup section */

/* Begin PBXNativeTarget section */
		4BA9AB311DD0E6C20053B432 /* Game Of Life Beta */ = {
			isa = PBXNativeTarget;
			buildConfigurationList = 4BA9AB441DD0E6C20053B432 /* Build configuration list for PBXNativeTarget "Game Of Life Beta" */;
			buildPhases = (
				4BA9AB2E1DD0E6C20053B432 /* Sources */,
				4BA9AB2F1DD0E6C20053B432 /* Frameworks */,
				4BA9AB301DD0E6C20053B432 /* Resources */,
			);
			buildRules = (
			);
			dependencies = (
			);
			name = "Game Of Life Beta";
			productName = "Game Of Life Beta";
			productReference = 4BA9AB321DD0E6C20053B432 /* Game Of Life Beta.app */;
			productType = "com.apple.product-type.application";
		};
/* End PBXNativeTarget section */

/* Begin PBXProject section */
		4BA9AB2A1DD0E6C20053B432 /* Project object */ = {
			isa = PBXProject;
			attributes = {
				LastSwiftUpdateCheck = 0810;
				LastUpgradeCheck = 0810;
				ORGANIZATIONNAME = "Ido Tamir";
				TargetAttributes = {
					4BA9AB311DD0E6C20053B432 = {
						CreatedOnToolsVersion = 8.1;
						LastSwiftMigration = 0810;
						ProvisioningStyle = Automatic;
					};
				};
			};
			buildConfigurationList = 4BA9AB2D1DD0E6C20053B432 /* Build configuration list for PBXProject "Game Of Life Beta" */;
			compatibilityVersion = "Xcode 3.2";
			developmentRegion = English;
			hasScannedForEncodings = 0;
			knownRegions = (
				en,
				Base,
			);
			mainGroup = 4BA9AB291DD0E6C20053B432;
			productRefGroup = 4BA9AB331DD0E6C20053B432 /* Products */;
			projectDirPath = "";
			projectRoot = "";
			targets = (
				4BA9AB311DD0E6C20053B432 /* Game Of Life Beta */,
			);
		};
/* End PBXProject section */

/* Begin PBXResourcesBuildPhase section */
		4BA9AB301DD0E6C20053B432 /* Resources */ = {
			isa = PBXResourcesBuildPhase;
			buildActionMask = 2147483647;
			files = (
				4BA9AB401DD0E6C20053B432 /* LaunchScreen.storyboard in Resources */,
				4BA9AB3D1DD0E6C20053B432 /* Assets.xcassets in Resources */,
				4BA9AB3B1DD0E6C20053B432 /* Main.storyboard in Resources */,
			);
			runOnlyForDeploymentPostprocessing = 0;
		};
/* End PBXResourcesBuildPhase section */

/* Begin PBXSourcesBuildPhase section */
		4BA9AB2E1DD0E6C20053B432 /* Sources */ = {
			isa = PBXSourcesBuildPhase;
			buildActionMask = 2147483647;
			files = (
				4BA9AB381DD0E6C20053B432 /* ViewController.swift in Sources */,
				4B20FEF81DDBD16700EAA73F /* Cell.swift in Sources */,
				4B20FEFA1DDBD19E00EAA73F /* Util.swift in Sources */,
				0EBF783E1DDCADC0006E434E /* Template.swift in Sources */,
				4BA9AB361DD0E6C20053B432 /* AppDelegate.swift in Sources */,
				4B20FEF61DDBD13300EAA73F /* Colony.swift in Sources */,
			);
			runOnlyForDeploymentPostprocessing = 0;
		};
/* End PBXSourcesBuildPhase section */

/* Begin PBXVariantGroup section */
		4BA9AB391DD0E6C20053B432 /* Main.storyboard */ = {
			isa = PBXVariantGroup;
			children = (
				4BA9AB3A1DD0E6C20053B432 /* Base */,
			);
			name = Main.storyboard;
			sourceTree = "<group>";
		};
		4BA9AB3E1DD0E6C20053B432 /* LaunchScreen.storyboard */ = {
			isa = PBXVariantGroup;
			children = (
				4BA9AB3F1DD0E6C20053B432 /* Base */,
			);
			name = LaunchScreen.storyboard;
			sourceTree = "<group>";
		};
/* End PBXVariantGroup section */

/* Begin XCBuildConfiguration section */
		4BA9AB421DD0E6C20053B432 /* Debug */ = {
			isa = XCBuildConfiguration;
			buildSettings = {
				ALWAYS_SEARCH_USER_PATHS = NO;
				CLANG_ANALYZER_NONNULL = YES;
				CLANG_CXX_LANGUAGE_STANDARD = "gnu++0x";
				CLANG_CXX_LIBRARY = "libc++";
				CLANG_ENABLE_MODULES = YES;
				CLANG_ENABLE_OBJC_ARC = YES;
				CLANG_WARN_BOOL_CONVERSION = YES;
				CLANG_WARN_CONSTANT_CONVERSION = YES;
				CLANG_WARN_DIRECT_OBJC_ISA_USAGE = YES_ERROR;
				CLANG_WARN_DOCUMENTATION_COMMENTS = YES;
				CLANG_WARN_EMPTY_BODY = YES;
				CLANG_WARN_ENUM_CONVERSION = YES;
				CLANG_WARN_INFINITE_RECURSION = YES;
				CLANG_WARN_INT_CONVERSION = YES;
				CLANG_WARN_OBJC_ROOT_CLASS = YES_ERROR;
				CLANG_WARN_SUSPICIOUS_MOVES = YES;
				CLANG_WARN_UNREACHABLE_CODE = YES;
				CLANG_WARN__DUPLICATE_METHOD_MATCH = YES;
				"CODE_SIGN_IDENTITY[sdk=iphoneos*]" = "iPhone Developer";
				COPY_PHASE_STRIP = NO;
				DEBUG_INFORMATION_FORMAT = dwarf;
				ENABLE_STRICT_OBJC_MSGSEND = YES;
				ENABLE_TESTABILITY = YES;
				GCC_C_LANGUAGE_STANDARD = gnu99;
				GCC_DYNAMIC_NO_PIC = NO;
				GCC_NO_COMMON_BLOCKS = YES;
				GCC_OPTIMIZATION_LEVEL = 0;
				GCC_PREPROCESSOR_DEFINITIONS = (
					"DEBUG=1",
					"$(inherited)",
				);
				GCC_WARN_64_TO_32_BIT_CONVERSION = YES;
				GCC_WARN_ABOUT_RETURN_TYPE = YES_ERROR;
				GCC_WARN_UNDECLARED_SELECTOR = YES;
				GCC_WARN_UNINITIALIZED_AUTOS = YES_AGGRESSIVE;
				GCC_WARN_UNUSED_FUNCTION = YES;
				GCC_WARN_UNUSED_VARIABLE = YES;
				IPHONEOS_DEPLOYMENT_TARGET = 10.1;
				MTL_ENABLE_DEBUG_INFO = YES;
				ONLY_ACTIVE_ARCH = YES;
				SDKROOT = iphoneos;
				SWIFT_ACTIVE_COMPILATION_CONDITIONS = DEBUG;
				SWIFT_OPTIMIZATION_LEVEL = "-Onone";
			};
			name = Debug;
		};
		4BA9AB431DD0E6C20053B432 /* Release */ = {
			isa = XCBuildConfiguration;
			buildSettings = {
				ALWAYS_SEARCH_USER_PATHS = NO;
				CLANG_ANALYZER_NONNULL = YES;
				CLANG_CXX_LANGUAGE_STANDARD = "gnu++0x";
				CLANG_CXX_LIBRARY = "libc++";
				CLANG_ENABLE_MODULES = YES;
				CLANG_ENABLE_OBJC_ARC = YES;
				CLANG_WARN_BOOL_CONVERSION = YES;
				CLANG_WARN_CONSTANT_CONVERSION = YES;
				CLANG_WARN_DIRECT_OBJC_ISA_USAGE = YES_ERROR;
				CLANG_WARN_DOCUMENTATION_COMMENTS = YES;
				CLANG_WARN_EMPTY_BODY = YES;
				CLANG_WARN_ENUM_CONVERSION = YES;
				CLANG_WARN_INFINITE_RECURSION = YES;
				CLANG_WARN_INT_CONVERSION = YES;
				CLANG_WARN_OBJC_ROOT_CLASS = YES_ERROR;
				CLANG_WARN_SUSPICIOUS_MOVES = YES;
				CLANG_WARN_UNREACHABLE_CODE = YES;
				CLANG_WARN__DUPLICATE_METHOD_MATCH = YES;
				"CODE_SIGN_IDENTITY[sdk=iphoneos*]" = "iPhone Developer";
				COPY_PHASE_STRIP = NO;
				DEBUG_INFORMATION_FORMAT = "dwarf-with-dsym";
				ENABLE_NS_ASSERTIONS = NO;
				ENABLE_STRICT_OBJC_MSGSEND = YES;
				GCC_C_LANGUAGE_STANDARD = gnu99;
				GCC_NO_COMMON_BLOCKS = YES;
				GCC_WARN_64_TO_32_BIT_CONVERSION = YES;
				GCC_WARN_ABOUT_RETURN_TYPE = YES_ERROR;
				GCC_WARN_UNDECLARED_SELECTOR = YES;
				GCC_WARN_UNINITIALIZED_AUTOS = YES_AGGRESSIVE;
				GCC_WARN_UNUSED_FUNCTION = YES;
				GCC_WARN_UNUSED_VARIABLE = YES;
				IPHONEOS_DEPLOYMENT_TARGET = 10.1;
				MTL_ENABLE_DEBUG_INFO = NO;
				SDKROOT = iphoneos;
				SWIFT_OPTIMIZATION_LEVEL = "-Owholemodule";
				VALIDATE_PRODUCT = YES;
			};
			name = Release;
		};
		4BA9AB451DD0E6C20053B432 /* Debug */ = {
			isa = XCBuildConfiguration;
			buildSettings = {
				ASSETCATALOG_COMPILER_APPICON_NAME = AppIcon;
				INFOPLIST_FILE = "Game Of Life Beta/Info.plist";
				LD_RUNPATH_SEARCH_PATHS = "$(inherited) @executable_path/Frameworks";
				PRODUCT_BUNDLE_IDENTIFIER = "com.Tamir.Game-Of-Life-Beta";
				PRODUCT_NAME = "$(TARGET_NAME)";
				SWIFT_VERSION = 3.0;
			};
			name = Debug;
		};
		4BA9AB461DD0E6C20053B432 /* Release */ = {
			isa = XCBuildConfiguration;
			buildSettings = {
				ASSETCATALOG_COMPILER_APPICON_NAME = AppIcon;
				INFOPLIST_FILE = "Game Of Life Beta/Info.plist";
				LD_RUNPATH_SEARCH_PATHS = "$(inherited) @executable_path/Frameworks";
				PRODUCT_BUNDLE_IDENTIFIER = "com.Tamir.Game-Of-Life-Beta";
				PRODUCT_NAME = "$(TARGET_NAME)";
				SWIFT_VERSION = 3.0;
			};
			name = Release;
		};
/* End XCBuildConfiguration section */

/* Begin XCConfigurationList section */
		4BA9AB2D1DD0E6C20053B432 /* Build configuration list for PBXProject "Game Of Life Beta" */ = {
			isa = XCConfigurationList;
			buildConfigurations = (
				4BA9AB421DD0E6C20053B432 /* Debug */,
				4BA9AB431DD0E6C20053B432 /* Release */,
			);
			defaultConfigurationIsVisible = 0;
			defaultConfigurationName = Release;
		};
		4BA9AB441DD0E6C20053B432 /* Build configuration list for PBXNativeTarget "Game Of Life Beta" */ = {
			isa = XCConfigurationList;
			buildConfigurations = (
				4BA9AB451DD0E6C20053B432 /* Debug */,
				4BA9AB461DD0E6C20053B432 /* Release */,
			);
			defaultConfigurationIsVisible = 0;
			defaultConfigurationName = Release;
		};
/* End XCConfigurationList section */
	};
	rootObject = 4BA9AB2A1DD0E6C20053B432 /* Project object */;
}
